
Microsoft Visual Studio Solution File, Format Version 12.00
# Visual Studio 2013
VisualStudioVersion = 12.0.21005.1
MinimumVisualStudioVersion = 10.0.40219.1
Project("{FAE04EC0-301F-11D3-BF4B-00C04F79EFBC}") = "AssignValuesToInteger", "AssignValuesToInteger\AssignValuesToInteger.csproj", "{26C32393-8E8E-4559-8106-5700C6038558}"
EndProject
Project("{FAE04EC0-301F-11D3-BF4B-00C04F79EFBC}") = "Floating-Point", "Floating-Point\Floating-Point.csproj", "{3171648F-6325-4B20-B167-63DAB40B0A20}"
EndProject
Project("{FAE04EC0-301F-11D3-BF4B-00C04F79EFBC}") = "CharectersAndStringValues", "CharectersAndStringValues\CharectersAndStringValues.csproj", "{E7782398-CD97-4617-A004-0AB3D2C72882}"
EndProject
Global
	GlobalSection(SolutionConfigurationPlatforms) = preSolution
		Debug|Any CPU = Debug|Any CPU
		Release|Any CPU = Release|Any CPU
	EndGlobalSection
	GlobalSection(ProjectConfigurationPlatforms) = postSolution
		{26C32393-8E8E-4559-8106-5700C6038558}.Debug|Any CPU.ActiveCfg = Debug|Any CPU
		{26C32393-8E8E-4559-8106-5700C6038558}.Debug|Any CPU.Build.0 = Debug|Any CPU
		{26C32393-8E8E-4559-8106-5700C6038558}.Release|Any CPU.ActiveCfg = Release|Any CPU
		{26C32393-8E8E-4559-8106-5700C6038558}.Release|Any CPU.Build.0 = Release|Any CPU
		{3171648F-6325-4B20-B167-63DAB40B0A20}.Debug|Any CPU.ActiveCfg = Debug|Any CPU
		{3171648F-6325-4B20-B167-63DAB40B0A20}.Debug|Any CPU.Build.0 = Debug|Any CPU
		{3171648F-6325-4B20-B167-63DAB40B0A20}.Release|Any CPU.ActiveCfg = Release|Any CPU
		{3171648F-6325-4B20-B167-63DAB40B0A20}.Release|Any CPU.Build.0 = Release|Any CPU
		{E7782398-CD97-4617-A004-0AB3D2C72882}.Debug|Any CPU.ActiveCfg = Debug|Any CPU
		{E7782398-CD97-4617-A004-0AB3D2C72882}.Debug|Any CPU.Build.0 = Debug|Any CPU
		{E7782398-CD97-4617-A004-0AB3D2C72882}.Release|Any CPU.ActiveCfg = Release|Any CPU
		{E7782398-CD97-4617-A004-0AB3D2C72882}.Release|Any CPU.Build.0 = Release|Any CPU
	EndGlobalSection
	GlobalSection(SolutionProperties) = preSolution
		HideSolutionNode = FALSE
	EndGlobalSection
EndGlobal
